
Microsoft Visual Studio Solution File, Format Version 12.00
# Visual Studio 15
VisualStudioVersion = 15.0.28010.2003
MinimumVisualStudioVersion = 10.0.40219.1
Project("{FAE04EC0-301F-11D3-BF4B-00C04F79EFBC}") = "BartenderExpressCalculator", "BartenderExpressCalculator.csproj", "{2E177386-CCBF-4127-9A33-CB71BEA10C61}"
EndProject
Global
	GlobalSection(SolutionConfigurationPlatforms) = preSolution
		Debug|Any CPU = Debug|Any CPU
		Debug|x86 = Debug|x86
		Release|Any CPU = Release|Any CPU
		Release|x86 = Release|x86
	EndGlobalSection
	GlobalSection(ProjectConfigurationPlatforms) = postSolution
		{2E177386-CCBF-4127-9A33-CB71BEA10C61}.Debug|Any CPU.ActiveCfg = Debug|Any CPU
		{2E177386-CCBF-4127-9A33-CB71BEA10C61}.Debug|Any CPU.Build.0 = Debug|Any CPU
		{2E177386-CCBF-4127-9A33-CB71BEA10C61}.Debug|x86.ActiveCfg = Debug|x86
		{2E177386-CCBF-4127-9A33-CB71BEA10C61}.Debug|x86.Build.0 = Debug|x86
		{2E177386-CCBF-4127-9A33-CB71BEA10C61}.Release|Any CPU.ActiveCfg = Release|Any CPU
		{2E177386-CCBF-4127-9A33-CB71BEA10C61}.Release|Any CPU.Build.0 = Release|Any CPU
		{2E177386-CCBF-4127-9A33-CB71BEA10C61}.Release|x86.ActiveCfg = Release|x86
		{2E177386-CCBF-4127-9A33-CB71BEA10C61}.Release|x86.Build.0 = Release|x86
	EndGlobalSection
	GlobalSection(SolutionProperties) = preSolution
		HideSolutionNode = FALSE
	EndGlobalSection
	GlobalSection(ExtensibilityGlobals) = postSolution
		SolutionGuid = {5B0199AF-F338-403C-896D-F0451E960696}
	EndGlobalSection
EndGlobal
